// !$*UTF8*$!
{
	archiveVersion = 1;
	classes = {
	};
	objectVersion = 50;
	objects = {

/* Begin PBXBuildFile section */
		5A424E0A249E9C5600164CA1 /* BuoyDetailViewController.swift in Sources */ = {isa = PBXBuildFile; fileRef = 5A424E09249E9C5600164CA1 /* BuoyDetailViewController.swift */; };
		5A424E0C249E9C8000164CA1 /* BuoyService.swift in Sources */ = {isa = PBXBuildFile; fileRef = 5A424E0B249E9C8000164CA1 /* BuoyService.swift */; };
		5A424E0E249E9C8E00164CA1 /* Buoy.swift in Sources */ = {isa = PBXBuildFile; fileRef = 5A424E0D249E9C8E00164CA1 /* Buoy.swift */; };
		5A424E10249E9CA800164CA1 /* Routes.swift in Sources */ = {isa = PBXBuildFile; fileRef = 5A424E0F249E9CA800164CA1 /* Routes.swift */; };
		5A424E12249E9CC900164CA1 /* MapBuoy.swift in Sources */ = {isa = PBXBuildFile; fileRef = 5A424E11249E9CC900164CA1 /* MapBuoy.swift */; };
		5A424E15249E9CF600164CA1 /* WeatherBuoyTableViewCell.swift in Sources */ = {isa = PBXBuildFile; fileRef = 5A424E13249E9CF600164CA1 /* WeatherBuoyTableViewCell.swift */; };
		5A424E16249E9CF600164CA1 /* WeatherBuoyTableViewCell.xib in Resources */ = {isa = PBXBuildFile; fileRef = 5A424E14249E9CF600164CA1 /* WeatherBuoyTableViewCell.xib */; };
		5A424E18249E9D2800164CA1 /* FavoritesListViewController.swift in Sources */ = {isa = PBXBuildFile; fileRef = 5A424E17249E9D2800164CA1 /* FavoritesListViewController.swift */; };
		5A424E1A249E9E5200164CA1 /* BuoyMapViewController.swift in Sources */ = {isa = PBXBuildFile; fileRef = 5A424E19249E9E5200164CA1 /* BuoyMapViewController.swift */; };
		5A6B8448249E9AC1000609E8 /* AppDelegate.swift in Sources */ = {isa = PBXBuildFile; fileRef = 5A6B8447249E9AC1000609E8 /* AppDelegate.swift */; };
		5A6B844A249E9AC1000609E8 /* SceneDelegate.swift in Sources */ = {isa = PBXBuildFile; fileRef = 5A6B8449249E9AC1000609E8 /* SceneDelegate.swift */; };
		5A6B844C249E9AC1000609E8 /* BuoyTableViewController.swift in Sources */ = {isa = PBXBuildFile; fileRef = 5A6B844B249E9AC1000609E8 /* BuoyTableViewController.swift */; };
		5A6B844F249E9AC1000609E8 /* Main.storyboard in Resources */ = {isa = PBXBuildFile; fileRef = 5A6B844D249E9AC1000609E8 /* Main.storyboard */; };
		5A6B8451249E9AC3000609E8 /* Assets.xcassets in Resources */ = {isa = PBXBuildFile; fileRef = 5A6B8450249E9AC3000609E8 /* Assets.xcassets */; };
		5A6B8454249E9AC3000609E8 /* LaunchScreen.storyboard in Resources */ = {isa = PBXBuildFile; fileRef = 5A6B8452249E9AC3000609E8 /* LaunchScreen.storyboard */; };
		5A6B845F249E9AC3000609E8 /* BuoyTrackerTests.swift in Sources */ = {isa = PBXBuildFile; fileRef = 5A6B845E249E9AC3000609E8 /* BuoyTrackerTests.swift */; };
/* End PBXBuildFile section */

/* Begin PBXContainerItemProxy section */
		5A6B845B249E9AC3000609E8 /* PBXContainerItemProxy */ = {
			isa = PBXContainerItemProxy;
			containerPortal = 5A6B843C249E9AC1000609E8 /* Project object */;
			proxyType = 1;
			remoteGlobalIDString = 5A6B8443249E9AC1000609E8;
			remoteInfo = BuoyTracker;
		};
/* End PBXContainerItemProxy section */

/* Begin PBXFileReference section */
		5A424E09249E9C5600164CA1 /* BuoyDetailViewController.swift */ = {isa = PBXFileReference; lastKnownFileType = sourcecode.swift; path = BuoyDetailViewController.swift; sourceTree = "<group>"; };
		5A424E0B249E9C8000164CA1 /* BuoyService.swift */ = {isa = PBXFileReference; lastKnownFileType = sourcecode.swift; path = BuoyService.swift; sourceTree = "<group>"; };
		5A424E0D249E9C8E00164CA1 /* Buoy.swift */ = {isa = PBXFileReference; lastKnownFileType = sourcecode.swift; path = Buoy.swift; sourceTree = "<group>"; };
		5A424E0F249E9CA800164CA1 /* Routes.swift */ = {isa = PBXFileReference; lastKnownFileType = sourcecode.swift; path = Routes.swift; sourceTree = "<group>"; };
		5A424E11249E9CC900164CA1 /* MapBuoy.swift */ = {isa = PBXFileReference; lastKnownFileType = sourcecode.swift; path = MapBuoy.swift; sourceTree = "<group>"; };
		5A424E13249E9CF600164CA1 /* WeatherBuoyTableViewCell.swift */ = {isa = PBXFileReference; lastKnownFileType = sourcecode.swift; path = WeatherBuoyTableViewCell.swift; sourceTree = "<group>"; };
		5A424E14249E9CF600164CA1 /* WeatherBuoyTableViewCell.xib */ = {isa = PBXFileReference; lastKnownFileType = file.xib; path = WeatherBuoyTableViewCell.xib; sourceTree = "<group>"; };
		5A424E17249E9D2800164CA1 /* FavoritesListViewController.swift */ = {isa = PBXFileReference; lastKnownFileType = sourcecode.swift; path = FavoritesListViewController.swift; sourceTree = "<group>"; };
		5A424E19249E9E5200164CA1 /* BuoyMapViewController.swift */ = {isa = PBXFileReference; lastKnownFileType = sourcecode.swift; path = BuoyMapViewController.swift; sourceTree = "<group>"; };
		5A6B8444249E9AC1000609E8 /* BuoyTracker.app */ = {isa = PBXFileReference; explicitFileType = wrapper.application; includeInIndex = 0; path = BuoyTracker.app; sourceTree = BUILT_PRODUCTS_DIR; };
		5A6B8447249E9AC1000609E8 /* AppDelegate.swift */ = {isa = PBXFileReference; lastKnownFileType = sourcecode.swift; path = AppDelegate.swift; sourceTree = "<group>"; };
		5A6B8449249E9AC1000609E8 /* SceneDelegate.swift */ = {isa = PBXFileReference; lastKnownFileType = sourcecode.swift; path = SceneDelegate.swift; sourceTree = "<group>"; };
		5A6B844B249E9AC1000609E8 /* BuoyTableViewController.swift */ = {isa = PBXFileReference; lastKnownFileType = sourcecode.swift; path = BuoyTableViewController.swift; sourceTree = "<group>"; };
		5A6B844E249E9AC1000609E8 /* Base */ = {isa = PBXFileReference; lastKnownFileType = file.storyboard; name = Base; path = Base.lproj/Main.storyboard; sourceTree = "<group>"; };
		5A6B8450249E9AC3000609E8 /* Assets.xcassets */ = {isa = PBXFileReference; lastKnownFileType = folder.assetcatalog; path = Assets.xcassets; sourceTree = "<group>"; };
		5A6B8453249E9AC3000609E8 /* Base */ = {isa = PBXFileReference; lastKnownFileType = file.storyboard; name = Base; path = Base.lproj/LaunchScreen.storyboard; sourceTree = "<group>"; };
		5A6B8455249E9AC3000609E8 /* Info.plist */ = {isa = PBXFileReference; lastKnownFileType = text.plist.xml; path = Info.plist; sourceTree = "<group>"; };
		5A6B845A249E9AC3000609E8 /* BuoyTrackerTests.xctest */ = {isa = PBXFileReference; explicitFileType = wrapper.cfbundle; includeInIndex = 0; path = BuoyTrackerTests.xctest; sourceTree = BUILT_PRODUCTS_DIR; };
		5A6B845E249E9AC3000609E8 /* BuoyTrackerTests.swift */ = {isa = PBXFileReference; lastKnownFileType = sourcecode.swift; path = BuoyTrackerTests.swift; sourceTree = "<group>"; };
		5A6B8460249E9AC3000609E8 /* Info.plist */ = {isa = PBXFileReference; lastKnownFileType = text.plist.xml; path = Info.plist; sourceTree = "<group>"; };
/* End PBXFileReference section */

/* Begin PBXFrameworksBuildPhase section */
		5A6B8441249E9AC1000609E8 /* Frameworks */ = {
			isa = PBXFrameworksBuildPhase;
			buildActionMask = 2147483647;
			files = (
			);
			runOnlyForDeploymentPostprocessing = 0;
		};
		5A6B8457249E9AC3000609E8 /* Frameworks */ = {
			isa = PBXFrameworksBuildPhase;
			buildActionMask = 2147483647;
			files = (
			);
			runOnlyForDeploymentPostprocessing = 0;
		};
/* End PBXFrameworksBuildPhase section */

/* Begin PBXGroup section */
		5A6B843B249E9AC1000609E8 = {
			isa = PBXGroup;
			children = (
				5A6B8446249E9AC1000609E8 /* BuoyTracker */,
				5A6B845D249E9AC3000609E8 /* BuoyTrackerTests */,
				5A6B8445249E9AC1000609E8 /* Products */,
			);
			sourceTree = "<group>";
		};
		5A6B8445249E9AC1000609E8 /* Products */ = {
			isa = PBXGroup;
			children = (
				5A6B8444249E9AC1000609E8 /* BuoyTracker.app */,
				5A6B845A249E9AC3000609E8 /* BuoyTrackerTests.xctest */,
			);
			name = Products;
			sourceTree = "<group>";
		};
		5A6B8446249E9AC1000609E8 /* BuoyTracker */ = {
			isa = PBXGroup;
			children = (
				5A6B8447249E9AC1000609E8 /* AppDelegate.swift */,
				5A6B8449249E9AC1000609E8 /* SceneDelegate.swift */,
				5A6B844B249E9AC1000609E8 /* BuoyTableViewController.swift */,
				5A424E19249E9E5200164CA1 /* BuoyMapViewController.swift */,
				5A424E17249E9D2800164CA1 /* FavoritesListViewController.swift */,
				5A424E09249E9C5600164CA1 /* BuoyDetailViewController.swift */,
				5A424E13249E9CF600164CA1 /* WeatherBuoyTableViewCell.swift */,
				5A424E14249E9CF600164CA1 /* WeatherBuoyTableViewCell.xib */,
				5A424E0B249E9C8000164CA1 /* BuoyService.swift */,
				5A424E0D249E9C8E00164CA1 /* Buoy.swift */,
				5A424E0F249E9CA800164CA1 /* Routes.swift */,
				5A424E11249E9CC900164CA1 /* MapBuoy.swift */,
				5A6B844D249E9AC1000609E8 /* Main.storyboard */,
				5A6B8450249E9AC3000609E8 /* Assets.xcassets */,
				5A6B8452249E9AC3000609E8 /* LaunchScreen.storyboard */,
				5A6B8455249E9AC3000609E8 /* Info.plist */,
			);
			path = BuoyTracker;
			sourceTree = "<group>";
		};
		5A6B845D249E9AC3000609E8 /* BuoyTrackerTests */ = {
			isa = PBXGroup;
			children = (
				5A6B845E249E9AC3000609E8 /* BuoyTrackerTests.swift */,
				5A6B8460249E9AC3000609E8 /* Info.plist */,
			);
			path = BuoyTrackerTests;
			sourceTree = "<group>";
		};
/* End PBXGroup section */

/* Begin PBXNativeTarget section */
		5A6B8443249E9AC1000609E8 /* BuoyTracker */ = {
			isa = PBXNativeTarget;
			buildConfigurationList = 5A6B8463249E9AC3000609E8 /* Build configuration list for PBXNativeTarget "BuoyTracker" */;
			buildPhases = (
				5A6B8440249E9AC1000609E8 /* Sources */,
				5A6B8441249E9AC1000609E8 /* Frameworks */,
				5A6B8442249E9AC1000609E8 /* Resources */,
			);
			buildRules = (
			);
			dependencies = (
			);
			name = BuoyTracker;
			productName = BuoyTracker;
			productReference = 5A6B8444249E9AC1000609E8 /* BuoyTracker.app */;
			productType = "com.apple.product-type.application";
		};
		5A6B8459249E9AC3000609E8 /* BuoyTrackerTests */ = {
			isa = PBXNativeTarget;
			buildConfigurationList = 5A6B8466249E9AC3000609E8 /* Build configuration list for PBXNativeTarget "BuoyTrackerTests" */;
			buildPhases = (
				5A6B8456249E9AC3000609E8 /* Sources */,
				5A6B8457249E9AC3000609E8 /* Frameworks */,
				5A6B8458249E9AC3000609E8 /* Resources */,
			);
			buildRules = (
			);
			dependencies = (
				5A6B845C249E9AC3000609E8 /* PBXTargetDependency */,
			);
			name = BuoyTrackerTests;
			productName = BuoyTrackerTests;
			productReference = 5A6B845A249E9AC3000609E8 /* BuoyTrackerTests.xctest */;
			productType = "com.apple.product-type.bundle.unit-test";
		};
/* End PBXNativeTarget section */

/* Begin PBXProject section */
		5A6B843C249E9AC1000609E8 /* Project object */ = {
			isa = PBXProject;
			attributes = {
				LastSwiftUpdateCheck = 1110;
				LastUpgradeCheck = 1110;
				ORGANIZATIONNAME = "Curious Robot Labs";
				TargetAttributes = {
					5A6B8443249E9AC1000609E8 = {
						CreatedOnToolsVersion = 11.1;
					};
					5A6B8459249E9AC3000609E8 = {
						CreatedOnToolsVersion = 11.1;
						TestTargetID = 5A6B8443249E9AC1000609E8;
					};
				};
			};
			buildConfigurationList = 5A6B843F249E9AC1000609E8 /* Build configuration list for PBXProject "BuoyTracker" */;
			compatibilityVersion = "Xcode 9.3";
			developmentRegion = en;
			hasScannedForEncodings = 0;
			knownRegions = (
				en,
				Base,
			);
			mainGroup = 5A6B843B249E9AC1000609E8;
			productRefGroup = 5A6B8445249E9AC1000609E8 /* Products */;
			projectDirPath = "";
			projectRoot = "";
			targets = (
				5A6B8443249E9AC1000609E8 /* BuoyTracker */,
				5A6B8459249E9AC3000609E8 /* BuoyTrackerTests */,
			);
		};
/* End PBXProject section */

/* Begin PBXResourcesBuildPhase section */
		5A6B8442249E9AC1000609E8 /* Resources */ = {
			isa = PBXResourcesBuildPhase;
			buildActionMask = 2147483647;
			files = (
				5A6B8454249E9AC3000609E8 /* LaunchScreen.storyboard in Resources */,
				5A6B8451249E9AC3000609E8 /* Assets.xcassets in Resources */,
				5A6B844F249E9AC1000609E8 /* Main.storyboard in Resources */,
				5A424E16249E9CF600164CA1 /* WeatherBuoyTableViewCell.xib in Resources */,
			);
			runOnlyForDeploymentPostprocessing = 0;
		};
		5A6B8458249E9AC3000609E8 /* Resources */ = {
			isa = PBXResourcesBuildPhase;
			buildActionMask = 2147483647;
			files = (
			);
			runOnlyForDeploymentPostprocessing = 0;
		};
/* End PBXResourcesBuildPhase section */

/* Begin PBXSourcesBuildPhase section */
		5A6B8440249E9AC1000609E8 /* Sources */ = {
			isa = PBXSourcesBuildPhase;
			buildActionMask = 2147483647;
			files = (
				5A424E18249E9D2800164CA1 /* FavoritesListViewController.swift in Sources */,
				5A424E0E249E9C8E00164CA1 /* Buoy.swift in Sources */,
				5A424E1A249E9E5200164CA1 /* BuoyMapViewController.swift in Sources */,
				5A424E10249E9CA800164CA1 /* Routes.swift in Sources */,
				5A424E0C249E9C8000164CA1 /* BuoyService.swift in Sources */,
				5A6B844C249E9AC1000609E8 /* BuoyTableViewController.swift in Sources */,
				5A6B8448249E9AC1000609E8 /* AppDelegate.swift in Sources */,
				5A424E15249E9CF600164CA1 /* WeatherBuoyTableViewCell.swift in Sources */,
				5A424E12249E9CC900164CA1 /* MapBuoy.swift in Sources */,
				5A424E0A249E9C5600164CA1 /* BuoyDetailViewController.swift in Sources */,
				5A6B844A249E9AC1000609E8 /* SceneDelegate.swift in Sources */,
			);
			runOnlyForDeploymentPostprocessing = 0;
		};
		5A6B8456249E9AC3000609E8 /* Sources */ = {
			isa = PBXSourcesBuildPhase;
			buildActionMask = 2147483647;
			files = (
				5A6B845F249E9AC3000609E8 /* BuoyTrackerTests.swift in Sources */,
			);
			runOnlyForDeploymentPostprocessing = 0;
		};
/* End PBXSourcesBuildPhase section */

/* Begin PBXTargetDependency section */
		5A6B845C249E9AC3000609E8 /* PBXTargetDependency */ = {
			isa = PBXTargetDependency;
			target = 5A6B8443249E9AC1000609E8 /* BuoyTracker */;
			targetProxy = 5A6B845B249E9AC3000609E8 /* PBXContainerItemProxy */;
		};
/* End PBXTargetDependency section */

/* Begin PBXVariantGroup section */
		5A6B844D249E9AC1000609E8 /* Main.storyboard */ = {
			isa = PBXVariantGroup;
			children = (
				5A6B844E249E9AC1000609E8 /* Base */,
			);
			name = Main.storyboard;
			sourceTree = "<group>";
		};
		5A6B8452249E9AC3000609E8 /* LaunchScreen.storyboard */ = {
			isa = PBXVariantGroup;
			children = (
				5A6B8453249E9AC3000609E8 /* Base */,
			);
			name = LaunchScreen.storyboard;
			sourceTree = "<group>";
		};
/* End PBXVariantGroup section */

/* Begin XCBuildConfiguration section */
		5A6B8461249E9AC3000609E8 /* Debug */ = {
			isa = XCBuildConfiguration;
			buildSettings = {
				ALWAYS_SEARCH_USER_PATHS = NO;
				CLANG_ANALYZER_NONNULL = YES;
				CLANG_ANALYZER_NUMBER_OBJECT_CONVERSION = YES_AGGRESSIVE;
				CLANG_CXX_LANGUAGE_STANDARD = "gnu++14";
				CLANG_CXX_LIBRARY = "libc++";
				CLANG_ENABLE_MODULES = YES;
				CLANG_ENABLE_OBJC_ARC = YES;
				CLANG_ENABLE_OBJC_WEAK = YES;
				CLANG_WARN_BLOCK_CAPTURE_AUTORELEASING = YES;
				CLANG_WARN_BOOL_CONVERSION = YES;
				CLANG_WARN_COMMA = YES;
				CLANG_WARN_CONSTANT_CONVERSION = YES;
				CLANG_WARN_DEPRECATED_OBJC_IMPLEMENTATIONS = YES;
				CLANG_WARN_DIRECT_OBJC_ISA_USAGE = YES_ERROR;
				CLANG_WARN_DOCUMENTATION_COMMENTS = YES;
				CLANG_WARN_EMPTY_BODY = YES;
				CLANG_WARN_ENUM_CONVERSION = YES;
				CLANG_WARN_INFINITE_RECURSION = YES;
				CLANG_WARN_INT_CONVERSION = YES;
				CLANG_WARN_NON_LITERAL_NULL_CONVERSION = YES;
				CLANG_WARN_OBJC_IMPLICIT_RETAIN_SELF = YES;
				CLANG_WARN_OBJC_LITERAL_CONVERSION = YES;
				CLANG_WARN_OBJC_ROOT_CLASS = YES_ERROR;
				CLANG_WARN_RANGE_LOOP_ANALYSIS = YES;
				CLANG_WARN_STRICT_PROTOTYPES = YES;
				CLANG_WARN_SUSPICIOUS_MOVE = YES;
				CLANG_WARN_UNGUARDED_AVAILABILITY = YES_AGGRESSIVE;
				CLANG_WARN_UNREACHABLE_CODE = YES;
				CLANG_WARN__DUPLICATE_METHOD_MATCH = YES;
				COPY_PHASE_STRIP = NO;
				DEBUG_INFORMATION_FORMAT = dwarf;
				ENABLE_STRICT_OBJC_MSGSEND = YES;
				ENABLE_TESTABILITY = YES;
				GCC_C_LANGUAGE_STANDARD = gnu11;
				GCC_DYNAMIC_NO_PIC = NO;
				GCC_NO_COMMON_BLOCKS = YES;
				GCC_OPTIMIZATION_LEVEL = 0;
				GCC_PREPROCESSOR_DEFINITIONS = (
					"DEBUG=1",
					"$(inherited)",
				);
				GCC_WARN_64_TO_32_BIT_CONVERSION = YES;
				GCC_WARN_ABOUT_RETURN_TYPE = YES_ERROR;
				GCC_WARN_UNDECLARED_SELECTOR = YES;
				GCC_WARN_UNINITIALIZED_AUTOS = YES_AGGRESSIVE;
				GCC_WARN_UNUSED_FUNCTION = YES;
				GCC_WARN_UNUSED_VARIABLE = YES;
				IPHONEOS_DEPLOYMENT_TARGET = 13.1;
				MTL_ENABLE_DEBUG_INFO = INCLUDE_SOURCE;
				MTL_FAST_MATH = YES;
				ONLY_ACTIVE_ARCH = YES;
				SDKROOT = iphoneos;
				SWIFT_ACTIVE_COMPILATION_CONDITIONS = DEBUG;
				SWIFT_OPTIMIZATION_LEVEL = "-Onone";
			};
			name = Debug;
		};
		5A6B8462249E9AC3000609E8 /* Release */ = {
			isa = XCBuildConfiguration;
			buildSettings = {
				ALWAYS_SEARCH_USER_PATHS = NO;
				CLANG_ANALYZER_NONNULL = YES;
				CLANG_ANALYZER_NUMBER_OBJECT_CONVERSION = YES_AGGRESSIVE;
				CLANG_CXX_LANGUAGE_STANDARD = "gnu++14";
				CLANG_CXX_LIBRARY = "libc++";
				CLANG_ENABLE_MODULES = YES;
				CLANG_ENABLE_OBJC_ARC = YES;
				CLANG_ENABLE_OBJC_WEAK = YES;
				CLANG_WARN_BLOCK_CAPTURE_AUTORELEASING = YES;
				CLANG_WARN_BOOL_CONVERSION = YES;
				CLANG_WARN_COMMA = YES;
				CLANG_WARN_CONSTANT_CONVERSION = YES;
				CLANG_WARN_DEPRECATED_OBJC_IMPLEMENTATIONS = YES;
				CLANG_WARN_DIRECT_OBJC_ISA_USAGE = YES_ERROR;
				CLANG_WARN_DOCUMENTATION_COMMENTS = YES;
				CLANG_WARN_EMPTY_BODY = YES;
				CLANG_WARN_ENUM_CONVERSION = YES;
				CLANG_WARN_INFINITE_RECURSION = YES;
				CLANG_WARN_INT_CONVERSION = YES;
				CLANG_WARN_NON_LITERAL_NULL_CONVERSION = YES;
				CLANG_WARN_OBJC_IMPLICIT_RETAIN_SELF = YES;
				CLANG_WARN_OBJC_LITERAL_CONVERSION = YES;
				CLANG_WARN_OBJC_ROOT_CLASS = YES_ERROR;
				CLANG_WARN_RANGE_LOOP_ANALYSIS = YES;
				CLANG_WARN_STRICT_PROTOTYPES = YES;
				CLANG_WARN_SUSPICIOUS_MOVE = YES;
				CLANG_WARN_UNGUARDED_AVAILABILITY = YES_AGGRESSIVE;
				CLANG_WARN_UNREACHABLE_CODE = YES;
				CLANG_WARN__DUPLICATE_METHOD_MATCH = YES;
				COPY_PHASE_STRIP = NO;
				DEBUG_INFORMATION_FORMAT = "dwarf-with-dsym";
				ENABLE_NS_ASSERTIONS = NO;
				ENABLE_STRICT_OBJC_MSGSEND = YES;
				GCC_C_LANGUAGE_STANDARD = gnu11;
				GCC_NO_COMMON_BLOCKS = YES;
				GCC_WARN_64_TO_32_BIT_CONVERSION = YES;
				GCC_WARN_ABOUT_RETURN_TYPE = YES_ERROR;
				GCC_WARN_UNDECLARED_SELECTOR = YES;
				GCC_WARN_UNINITIALIZED_AUTOS = YES_AGGRESSIVE;
				GCC_WARN_UNUSED_FUNCTION = YES;
				GCC_WARN_UNUSED_VARIABLE = YES;
				IPHONEOS_DEPLOYMENT_TARGET = 13.1;
				MTL_ENABLE_DEBUG_INFO = NO;
				MTL_FAST_MATH = YES;
				SDKROOT = iphoneos;
				SWIFT_COMPILATION_MODE = wholemodule;
				SWIFT_OPTIMIZATION_LEVEL = "-O";
				VALIDATE_PRODUCT = YES;
			};
			name = Release;
		};
		5A6B8464249E9AC3000609E8 /* Debug */ = {
			isa = XCBuildConfiguration;
			buildSettings = {
				ASSETCATALOG_COMPILER_APPICON_NAME = AppIcon;
				CODE_SIGN_STYLE = Automatic;
				DEVELOPMENT_TEAM = RBTHK6E64X;
				INFOPLIST_FILE = BuoyTracker/Info.plist;
				LD_RUNPATH_SEARCH_PATHS = (
					"$(inherited)",
					"@executable_path/Frameworks",
				);
				PRODUCT_BUNDLE_IDENTIFIER = "Curious-Robot-Labs.BuoyTracker";
				PRODUCT_NAME = "$(TARGET_NAME)";
				SWIFT_VERSION = 5.0;
				TARGETED_DEVICE_FAMILY = "1,2";
			};
			name = Debug;
		};
		5A6B8465249E9AC3000609E8 /* Release */ = {
			isa = XCBuildConfiguration;
			buildSettings = {
				ASSETCATALOG_COMPILER_APPICON_NAME = AppIcon;
				CODE_SIGN_STYLE = Automatic;
				DEVELOPMENT_TEAM = RBTHK6E64X;
				INFOPLIST_FILE = BuoyTracker/Info.plist;
				LD_RUNPATH_SEARCH_PATHS = (
					"$(inherited)",
					"@executable_path/Frameworks",
				);
				PRODUCT_BUNDLE_IDENTIFIER = "Curious-Robot-Labs.BuoyTracker";
				PRODUCT_NAME = "$(TARGET_NAME)";
				SWIFT_VERSION = 5.0;
				TARGETED_DEVICE_FAMILY = "1,2";
			};
			name = Release;
		};
		5A6B8467249E9AC3000609E8 /* Debug */ = {
			isa = XCBuildConfiguration;
			buildSettings = {
				ALWAYS_EMBED_SWIFT_STANDARD_LIBRARIES = YES;
				BUNDLE_LOADER = "$(TEST_HOST)";
				CODE_SIGN_STYLE = Automatic;
				DEVELOPMENT_TEAM = RBTHK6E64X;
				INFOPLIST_FILE = BuoyTrackerTests/Info.plist;
				IPHONEOS_DEPLOYMENT_TARGET = 13.1;
				LD_RUNPATH_SEARCH_PATHS = (
					"$(inherited)",
					"@executable_path/Frameworks",
					"@loader_path/Frameworks",
				);
				PRODUCT_BUNDLE_IDENTIFIER = "Curious-Robot-Labs.BuoyTrackerTests";
				PRODUCT_NAME = "$(TARGET_NAME)";
				SWIFT_VERSION = 5.0;
				TARGETED_DEVICE_FAMILY = "1,2";
				TEST_HOST = "$(BUILT_PRODUCTS_DIR)/BuoyTracker.app/BuoyTracker";
			};
			name = Debug;
		};
		5A6B8468249E9AC3000609E8 /* Release */ = {
			isa = XCBuildConfiguration;
			buildSettings = {
				ALWAYS_EMBED_SWIFT_STANDARD_LIBRARIES = YES;
				BUNDLE_LOADER = "$(TEST_HOST)";
				CODE_SIGN_STYLE = Automatic;
				DEVELOPMENT_TEAM = RBTHK6E64X;
				INFOPLIST_FILE = BuoyTrackerTests/Info.plist;
				IPHONEOS_DEPLOYMENT_TARGET = 13.1;
				LD_RUNPATH_SEARCH_PATHS = (
					"$(inherited)",
					"@executable_path/Frameworks",
					"@loader_path/Frameworks",
				);
				PRODUCT_BUNDLE_IDENTIFIER = "Curious-Robot-Labs.BuoyTrackerTests";
				PRODUCT_NAME = "$(TARGET_NAME)";
				SWIFT_VERSION = 5.0;
				TARGETED_DEVICE_FAMILY = "1,2";
				TEST_HOST = "$(BUILT_PRODUCTS_DIR)/BuoyTracker.app/BuoyTracker";
			};
			name = Release;
		};
/* End XCBuildConfiguration section */

/* Begin XCConfigurationList section */
		5A6B843F249E9AC1000609E8 /* Build configuration list for PBXProject "BuoyTracker" */ = {
			isa = XCConfigurationList;
			buildConfigurations = (
				5A6B8461249E9AC3000609E8 /* Debug */,
				5A6B8462249E9AC3000609E8 /* Release */,
			);
			defaultConfigurationIsVisible = 0;
			defaultConfigurationName = Release;
		};
		5A6B8463249E9AC3000609E8 /* Build configuration list for PBXNativeTarget "BuoyTracker" */ = {
			isa = XCConfigurationList;
			buildConfigurations = (
				5A6B8464249E9AC3000609E8 /* Debug */,
				5A6B8465249E9AC3000609E8 /* Release */,
			);
			defaultConfigurationIsVisible = 0;
			defaultConfigurationName = Release;
		};
		5A6B8466249E9AC3000609E8 /* Build configuration list for PBXNativeTarget "BuoyTrackerTests" */ = {
			isa = XCConfigurationList;
			buildConfigurations = (
				5A6B8467249E9AC3000609E8 /* Debug */,
				5A6B8468249E9AC3000609E8 /* Release */,
			);
			defaultConfigurationIsVisible = 0;
			defaultConfigurationName = Release;
		};
/* End XCConfigurationList section */
	};
	rootObject = 5A6B843C249E9AC1000609E8 /* Project object */;
}
